Microsoft Visual Studio Solution File, Format Version 12.00
# Visual Studio 15
VisualStudioVersion = 15.0.27428.2015
MinimumVisualStudioVersion = 10.0.40219.1
Project("{8BC9CEB8-8B4A-11D0-8D11-00A0C91BC942}") = "dbmd_atmos_parse", "dbmd_atmos_parse_2017.vcxproj", "{7BDBD2AB-F9F4-4044-A220-45C4DE94F211}"
EndProject
Global
	GlobalSection(SolutionConfigurationPlatforms) = preSolution
		Debug|Win32 = Debug|Win32
		Release|Win32 = Release|Win32
	EndGlobalSection
	GlobalSection(ProjectConfigurationPlatforms) = postSolution
		{7BDBD2AB-F9F4-4044-A220-45C4DE94F211}.Debug|Win32.ActiveCfg = Debug|Win32
		{7BDBD2AB-F9F4-4044-A220-45C4DE94F211}.Debug|Win32.Build.0 = Debug|Win32
		{7BDBD2AB-F9F4-4044-A220-45C4DE94F211}.Release|Win32.ActiveCfg = Release|Win32
		{7BDBD2AB-F9F4-4044-A220-45C4DE94F211}.Release|Win32.Build.0 = Release|Win32
	EndGlobalSection
	GlobalSection(SolutionProperties) = preSolution
		HideSolutionNode = FALSE
	EndGlobalSection
	GlobalSection(ExtensibilityGlobals) = postSolution
		SolutionGuid = {7F380E92-1018-4ED9-A96C-A143D7262937}
	EndGlobalSection
EndGlobal
